
Microsoft Visual Studio Solution File, Format Version 12.00
# Visual Studio Version 16
VisualStudioVersion = 16.0.29613.14
MinimumVisualStudioVersion = 10.0.40219.1
Project("{FAE04EC0-301F-11D3-BF4B-00C04F79EFBC}") = "WebAdvert.Web", "WebAdvert.Web\WebAdvert.Web.csproj", "{80AB4204-978F-46D3-A9CC-D7053539DABA}"
EndProject
Global
	GlobalSection(SolutionConfigurationPlatforms) = preSolution
		Debug|Any CPU = Debug|Any CPU
		Release|Any CPU = Release|Any CPU
	EndGlobalSection
	GlobalSection(ProjectConfigurationPlatforms) = postSolution
		{80AB4204-978F-46D3-A9CC-D7053539DABA}.Debug|Any CPU.ActiveCfg = Debug|Any CPU
		{80AB4204-978F-46D3-A9CC-D7053539DABA}.Debug|Any CPU.Build.0 = Debug|Any CPU
		{80AB4204-978F-46D3-A9CC-D7053539DABA}.Release|Any CPU.ActiveCfg = Release|Any CPU
		{80AB4204-978F-46D3-A9CC-D7053539DABA}.Release|Any CPU.Build.0 = Release|Any CPU
	EndGlobalSection
	GlobalSection(SolutionProperties) = preSolution
		HideSolutionNode = FALSE
	EndGlobalSection
	GlobalSection(ExtensibilityGlobals) = postSolution
		SolutionGuid = {9C5489D8-2488-4082-8B04-5BCE3A4E239E}
	EndGlobalSection
EndGlobal
